
Microsoft Visual Studio Solution File, Format Version 12.00
# Visual Studio 15
VisualStudioVersion = 15.0.26730.3
MinimumVisualStudioVersion = 10.0.40219.1
Project("{FAE04EC0-301F-11D3-BF4B-00C04F79EFBC}") = "test", "test\test.csproj", "{BD2B2A94-6641-48D6-AF00-49A7FB9BED3B}"
EndProject
Project("{E53339B2-1760-4266-BCC7-CA923CBCF16C}") = "docker-compose", "docker-compose.dcproj", "{A22ED443-C7DD-4F01-9C5C-0C2C22FABF05}"
EndProject
Global
	GlobalSection(SolutionConfigurationPlatforms) = preSolution
		Debug|Any CPU = Debug|Any CPU
		Release|Any CPU = Release|Any CPU
	EndGlobalSection
	GlobalSection(ProjectConfigurationPlatforms) = postSolution
		{BD2B2A94-6641-48D6-AF00-49A7FB9BED3B}.Debug|Any CPU.ActiveCfg = Debug|Any CPU
		{BD2B2A94-6641-48D6-AF00-49A7FB9BED3B}.Debug|Any CPU.Build.0 = Debug|Any CPU
		{BD2B2A94-6641-48D6-AF00-49A7FB9BED3B}.Release|Any CPU.ActiveCfg = Release|Any CPU
		{BD2B2A94-6641-48D6-AF00-49A7FB9BED3B}.Release|Any CPU.Build.0 = Release|Any CPU
		{A22ED443-C7DD-4F01-9C5C-0C2C22FABF05}.Debug|Any CPU.ActiveCfg = Debug|Any CPU
		{A22ED443-C7DD-4F01-9C5C-0C2C22FABF05}.Debug|Any CPU.Build.0 = Debug|Any CPU
		{A22ED443-C7DD-4F01-9C5C-0C2C22FABF05}.Release|Any CPU.ActiveCfg = Release|Any CPU
		{A22ED443-C7DD-4F01-9C5C-0C2C22FABF05}.Release|Any CPU.Build.0 = Release|Any CPU
	EndGlobalSection
	GlobalSection(SolutionProperties) = preSolution
		HideSolutionNode = FALSE
	EndGlobalSection
	GlobalSection(ExtensibilityGlobals) = postSolution
		SolutionGuid = {2104EC6B-E3AF-4DD4-B22C-3F96C8740FDC}
	EndGlobalSection
EndGlobal
